{
  "pins" : [
    {
      "identity" : "apicall",
      "kind" : "remoteSourceControl",
      "location" : "https://github.com/zainanjum100/ApiCall",
      "state" : {
        "revision" : "20cc009729a844e5b862df0f1cbfba528e4de7bb",
        "version" : "1.0.8"
      }
    },
    {
      "identity" : "zainspm",
      "kind" : "remoteSourceControl",
      "location" : "https://github.com/zainanjum100/ZainSPM",
      "state" : {
        "branch" : "master",
        "revision" : "cd0b7fac9836f7beb335277ead833bb965993297"
      }
    }
  ],
  "version" : 2
}
