// !$*UTF8*$!
{
	archiveVersion = 1;
	classes = {
	};
	objectVersion = 55;
	objects = {

/* Begin PBXBuildFile section */
		CB2DA7962805D44700842111 /* AppDelegate.swift in Sources */ = {isa = PBXBuildFile; fileRef = CB2DA7952805D44700842111 /* AppDelegate.swift */; };
		CB2DA7982805D44700842111 /* SceneDelegate.swift in Sources */ = {isa = PBXBuildFile; fileRef = CB2DA7972805D44700842111 /* SceneDelegate.swift */; };
		CB2DA79A2805D44700842111 /* ViewController.swift in Sources */ = {isa = PBXBuildFile; fileRef = CB2DA7992805D44700842111 /* ViewController.swift */; };
		CB2DA79D2805D44700842111 /* Main.storyboard in Resources */ = {isa = PBXBuildFile; fileRef = CB2DA79B2805D44700842111 /* Main.storyboard */; };
		CB2DA79F2805D44900842111 /* Assets.xcassets in Resources */ = {isa = PBXBuildFile; fileRef = CB2DA79E2805D44900842111 /* Assets.xcassets */; };
		CB2DA7A22805D44900842111 /* LaunchScreen.storyboard in Resources */ = {isa = PBXBuildFile; fileRef = CB2DA7A02805D44900842111 /* LaunchScreen.storyboard */; };
		CB2DA7AE2805DB3500842111 /* GetStartedViewController.swift in Sources */ = {isa = PBXBuildFile; fileRef = CB2DA7AD2805DB3500842111 /* GetStartedViewController.swift */; };
		CB2DA7B02805DBB200842111 /* SplashViewController.swift in Sources */ = {isa = PBXBuildFile; fileRef = CB2DA7AF2805DBB200842111 /* SplashViewController.swift */; };
		CB2DA7B32805DDAE00842111 /* LoginViewController.swift in Sources */ = {isa = PBXBuildFile; fileRef = CB2DA7B22805DDAE00842111 /* LoginViewController.swift */; };
		CB2DA7B52805E0BF00842111 /* Extension.swift in Sources */ = {isa = PBXBuildFile; fileRef = CB2DA7B42805E0BF00842111 /* Extension.swift */; };
		CB2DA7B72805E12B00842111 /* VerifyEmailViewController.swift in Sources */ = {isa = PBXBuildFile; fileRef = CB2DA7B62805E12B00842111 /* VerifyEmailViewController.swift */; };
		CB2DA7B92805E22A00842111 /* Dashboard.storyboard in Resources */ = {isa = PBXBuildFile; fileRef = CB2DA7B82805E22A00842111 /* Dashboard.storyboard */; };
		CB2DA7BB2805E7D200842111 /* SignupViewController.swift in Sources */ = {isa = PBXBuildFile; fileRef = CB2DA7BA2805E7D200842111 /* SignupViewController.swift */; };
		CB2DA7BD2805EF0600842111 /* OTPVerificationViewController.swift in Sources */ = {isa = PBXBuildFile; fileRef = CB2DA7BC2805EF0600842111 /* OTPVerificationViewController.swift */; };
		CBAF29862805F1B500508A9D /* HomeViewController.swift in Sources */ = {isa = PBXBuildFile; fileRef = CBAF29852805F1B500508A9D /* HomeViewController.swift */; };
		CBAF298A2805F3F800508A9D /* HomeViewCell.swift in Sources */ = {isa = PBXBuildFile; fileRef = CBAF29882805F3F800508A9D /* HomeViewCell.swift */; };
		CBAF298B2805F3F800508A9D /* HomeViewCell.xib in Resources */ = {isa = PBXBuildFile; fileRef = CBAF29892805F3F800508A9D /* HomeViewCell.xib */; };
		CBAF298F2805F4AB00508A9D /* HomeViewModel.swift in Sources */ = {isa = PBXBuildFile; fileRef = CBAF298E2805F4AB00508A9D /* HomeViewModel.swift */; };
		CBAF29912805F84500508A9D /* PasswordResetViewController.swift in Sources */ = {isa = PBXBuildFile; fileRef = CBAF29902805F84500508A9D /* PasswordResetViewController.swift */; };
		CBAF29942806035100508A9D /* ApiCall in Frameworks */ = {isa = PBXBuildFile; productRef = CBAF29932806035100508A9D /* ApiCall */; };
		CBAF299A280612D200508A9D /* VCExts.swift in Sources */ = {isa = PBXBuildFile; fileRef = CBAF2999280612D200508A9D /* VCExts.swift */; };
		CBAF299C28061F4900508A9D /* VerifyAccount.swift in Sources */ = {isa = PBXBuildFile; fileRef = CBAF299B28061F4900508A9D /* VerifyAccount.swift */; };
		CBAF299E2806264F00508A9D /* Signup.swift in Sources */ = {isa = PBXBuildFile; fileRef = CBAF299D2806264F00508A9D /* Signup.swift */; };
		CBAF29A12806D5EC00508A9D /* ZainSPM in Frameworks */ = {isa = PBXBuildFile; productRef = CBAF29A02806D5EC00508A9D /* ZainSPM */; };
		CBAF29A32806DBA700508A9D /* UserData.swift in Sources */ = {isa = PBXBuildFile; fileRef = CBAF29A22806DBA700508A9D /* UserData.swift */; };
		CBAF29A52806DBB200508A9D /* LoginClass.swift in Sources */ = {isa = PBXBuildFile; fileRef = CBAF29A42806DBB200508A9D /* LoginClass.swift */; };
/* End PBXBuildFile section */

/* Begin PBXFileReference section */
		CB2DA7922805D44700842111 /* MKD.app */ = {isa = PBXFileReference; explicitFileType = wrapper.application; includeInIndex = 0; path = MKD.app; sourceTree = BUILT_PRODUCTS_DIR; };
		CB2DA7952805D44700842111 /* AppDelegate.swift */ = {isa = PBXFileReference; lastKnownFileType = sourcecode.swift; path = AppDelegate.swift; sourceTree = "<group>"; };
		CB2DA7972805D44700842111 /* SceneDelegate.swift */ = {isa = PBXFileReference; lastKnownFileType = sourcecode.swift; path = SceneDelegate.swift; sourceTree = "<group>"; };
		CB2DA7992805D44700842111 /* ViewController.swift */ = {isa = PBXFileReference; lastKnownFileType = sourcecode.swift; path = ViewController.swift; sourceTree = "<group>"; };
		CB2DA79C2805D44700842111 /* Base */ = {isa = PBXFileReference; lastKnownFileType = file.storyboard; name = Base; path = Base.lproj/Main.storyboard; sourceTree = "<group>"; };
		CB2DA79E2805D44900842111 /* Assets.xcassets */ = {isa = PBXFileReference; lastKnownFileType = folder.assetcatalog; path = Assets.xcassets; sourceTree = "<group>"; };
		CB2DA7A12805D44900842111 /* Base */ = {isa = PBXFileReference; lastKnownFileType = file.storyboard; name = Base; path = Base.lproj/LaunchScreen.storyboard; sourceTree = "<group>"; };
		CB2DA7A32805D44900842111 /* Info.plist */ = {isa = PBXFileReference; lastKnownFileType = text.plist.xml; path = Info.plist; sourceTree = "<group>"; };
		CB2DA7AD2805DB3500842111 /* GetStartedViewController.swift */ = {isa = PBXFileReference; lastKnownFileType = sourcecode.swift; path = GetStartedViewController.swift; sourceTree = "<group>"; };
		CB2DA7AF2805DBB200842111 /* SplashViewController.swift */ = {isa = PBXFileReference; lastKnownFileType = sourcecode.swift; path = SplashViewController.swift; sourceTree = "<group>"; };
		CB2DA7B22805DDAE00842111 /* LoginViewController.swift */ = {isa = PBXFileReference; lastKnownFileType = sourcecode.swift; path = LoginViewController.swift; sourceTree = "<group>"; };
		CB2DA7B42805E0BF00842111 /* Extension.swift */ = {isa = PBXFileReference; lastKnownFileType = sourcecode.swift; path = Extension.swift; sourceTree = "<group>"; };
		CB2DA7B62805E12B00842111 /* VerifyEmailViewController.swift */ = {isa = PBXFileReference; lastKnownFileType = sourcecode.swift; path = VerifyEmailViewController.swift; sourceTree = "<group>"; };
		CB2DA7B82805E22A00842111 /* Dashboard.storyboard */ = {isa = PBXFileReference; lastKnownFileType = file.storyboard; path = Dashboard.storyboard; sourceTree = "<group>"; };
		CB2DA7BA2805E7D200842111 /* SignupViewController.swift */ = {isa = PBXFileReference; lastKnownFileType = sourcecode.swift; path = SignupViewController.swift; sourceTree = "<group>"; };
		CB2DA7BC2805EF0600842111 /* OTPVerificationViewController.swift */ = {isa = PBXFileReference; lastKnownFileType = sourcecode.swift; path = OTPVerificationViewController.swift; sourceTree = "<group>"; };
		CBAF29852805F1B500508A9D /* HomeViewController.swift */ = {isa = PBXFileReference; lastKnownFileType = sourcecode.swift; path = HomeViewController.swift; sourceTree = "<group>"; };
		CBAF29882805F3F800508A9D /* HomeViewCell.swift */ = {isa = PBXFileReference; lastKnownFileType = sourcecode.swift; path = HomeViewCell.swift; sourceTree = "<group>"; };
		CBAF29892805F3F800508A9D /* HomeViewCell.xib */ = {isa = PBXFileReference; lastKnownFileType = file.xib; path = HomeViewCell.xib; sourceTree = "<group>"; };
		CBAF298E2805F4AB00508A9D /* HomeViewModel.swift */ = {isa = PBXFileReference; lastKnownFileType = sourcecode.swift; path = HomeViewModel.swift; sourceTree = "<group>"; };
		CBAF29902805F84500508A9D /* PasswordResetViewController.swift */ = {isa = PBXFileReference; lastKnownFileType = sourcecode.swift; path = PasswordResetViewController.swift; sourceTree = "<group>"; };
		CBAF2999280612D200508A9D /* VCExts.swift */ = {isa = PBXFileReference; fileEncoding = 4; lastKnownFileType = sourcecode.swift; path = VCExts.swift; sourceTree = "<group>"; };
		CBAF299B28061F4900508A9D /* VerifyAccount.swift */ = {isa = PBXFileReference; fileEncoding = 4; lastKnownFileType = sourcecode.swift; path = VerifyAccount.swift; sourceTree = "<group>"; };
		CBAF299D2806264F00508A9D /* Signup.swift */ = {isa = PBXFileReference; fileEncoding = 4; lastKnownFileType = sourcecode.swift; path = Signup.swift; sourceTree = "<group>"; };
		CBAF29A22806DBA700508A9D /* UserData.swift */ = {isa = PBXFileReference; fileEncoding = 4; lastKnownFileType = sourcecode.swift; path = UserData.swift; sourceTree = "<group>"; };
		CBAF29A42806DBB200508A9D /* LoginClass.swift */ = {isa = PBXFileReference; fileEncoding = 4; lastKnownFileType = sourcecode.swift; path = LoginClass.swift; sourceTree = "<group>"; };
/* End PBXFileReference section */

/* Begin PBXFrameworksBuildPhase section */
		CB2DA78F2805D44700842111 /* Frameworks */ = {
			isa = PBXFrameworksBuildPhase;
			buildActionMask = 2147483647;
			files = (
				CBAF29942806035100508A9D /* ApiCall in Frameworks */,
				CBAF29A12806D5EC00508A9D /* ZainSPM in Frameworks */,
			);
			runOnlyForDeploymentPostprocessing = 0;
		};
/* End PBXFrameworksBuildPhase section */

/* Begin PBXGroup section */
		CB2DA7892805D44700842111 = {
			isa = PBXGroup;
			children = (
				CB2DA7942805D44700842111 /* MKD */,
				CB2DA7932805D44700842111 /* Products */,
			);
			sourceTree = "<group>";
		};
		CB2DA7932805D44700842111 /* Products */ = {
			isa = PBXGroup;
			children = (
				CB2DA7922805D44700842111 /* MKD.app */,
			);
			name = Products;
			sourceTree = "<group>";
		};
		CB2DA7942805D44700842111 /* MKD */ = {
			isa = PBXGroup;
			children = (
				CBAF298C2805F49300508A9D /* ViewModel */,
				CBAF29872805F3DA00508A9D /* Generic */,
				CB2DA7AC2805D5AB00842111 /* Resources */,
				CB2DA7AB2805D58600842111 /* Model */,
				CB2DA7AA2805D57C00842111 /* View */,
				CB2DA7A92805D57000842111 /* ViewController */,
				CB2DA79E2805D44900842111 /* Assets.xcassets */,
				CB2DA7A32805D44900842111 /* Info.plist */,
			);
			path = MKD;
			sourceTree = "<group>";
		};
		CB2DA7A92805D57000842111 /* ViewController */ = {
			isa = PBXGroup;
			children = (
				CB2DA7992805D44700842111 /* ViewController.swift */,
				CB2DA7AD2805DB3500842111 /* GetStartedViewController.swift */,
				CB2DA7AF2805DBB200842111 /* SplashViewController.swift */,
				CB2DA7B22805DDAE00842111 /* LoginViewController.swift */,
				CB2DA7B62805E12B00842111 /* VerifyEmailViewController.swift */,
				CB2DA7BA2805E7D200842111 /* SignupViewController.swift */,
				CB2DA7BC2805EF0600842111 /* OTPVerificationViewController.swift */,
				CBAF29852805F1B500508A9D /* HomeViewController.swift */,
				CBAF29902805F84500508A9D /* PasswordResetViewController.swift */,
			);
			path = ViewController;
			sourceTree = "<group>";
		};
		CB2DA7AA2805D57C00842111 /* View */ = {
			isa = PBXGroup;
			children = (
				CB2DA79B2805D44700842111 /* Main.storyboard */,
				CB2DA7A02805D44900842111 /* LaunchScreen.storyboard */,
				CB2DA7B82805E22A00842111 /* Dashboard.storyboard */,
			);
			path = View;
			sourceTree = "<group>";
		};
		CB2DA7AB2805D58600842111 /* Model */ = {
			isa = PBXGroup;
			children = (
				CBAF299B28061F4900508A9D /* VerifyAccount.swift */,
				CBAF29A22806DBA700508A9D /* UserData.swift */,
				CBAF29A42806DBB200508A9D /* LoginClass.swift */,
				CBAF299D2806264F00508A9D /* Signup.swift */,
			);
			path = Model;
			sourceTree = "<group>";
		};
		CB2DA7AC2805D5AB00842111 /* Resources */ = {
			isa = PBXGroup;
			children = (
				CB2DA7972805D44700842111 /* SceneDelegate.swift */,
				CB2DA7952805D44700842111 /* AppDelegate.swift */,
				CB2DA7B42805E0BF00842111 /* Extension.swift */,
			);
			path = Resources;
			sourceTree = "<group>";
		};
		CBAF29872805F3DA00508A9D /* Generic */ = {
			isa = PBXGroup;
			children = (
				CBAF2999280612D200508A9D /* VCExts.swift */,
				CBAF29882805F3F800508A9D /* HomeViewCell.swift */,
				CBAF29892805F3F800508A9D /* HomeViewCell.xib */,
			);
			path = Generic;
			sourceTree = "<group>";
		};
		CBAF298C2805F49300508A9D /* ViewModel */ = {
			isa = PBXGroup;
			children = (
				CBAF298D2805F49D00508A9D /* HomeViewModel */,
			);
			path = ViewModel;
			sourceTree = "<group>";
		};
		CBAF298D2805F49D00508A9D /* HomeViewModel */ = {
			isa = PBXGroup;
			children = (
				CBAF298E2805F4AB00508A9D /* HomeViewModel.swift */,
			);
			path = HomeViewModel;
			sourceTree = "<group>";
		};
/* End PBXGroup section */

/* Begin PBXNativeTarget section */
		CB2DA7912805D44700842111 /* MKD */ = {
			isa = PBXNativeTarget;
			buildConfigurationList = CB2DA7A62805D44900842111 /* Build configuration list for PBXNativeTarget "MKD" */;
			buildPhases = (
				CB2DA78E2805D44700842111 /* Sources */,
				CB2DA78F2805D44700842111 /* Frameworks */,
				CB2DA7902805D44700842111 /* Resources */,
			);
			buildRules = (
			);
			dependencies = (
			);
			name = MKD;
			packageProductDependencies = (
				CBAF29932806035100508A9D /* ApiCall */,
				CBAF29A02806D5EC00508A9D /* ZainSPM */,
			);
			productName = MKD;
			productReference = CB2DA7922805D44700842111 /* MKD.app */;
			productType = "com.apple.product-type.application";
		};
/* End PBXNativeTarget section */

/* Begin PBXProject section */
		CB2DA78A2805D44700842111 /* Project object */ = {
			isa = PBXProject;
			attributes = {
				BuildIndependentTargetsInParallel = 1;
				LastSwiftUpdateCheck = 1330;
				LastUpgradeCheck = 1330;
				TargetAttributes = {
					CB2DA7912805D44700842111 = {
						CreatedOnToolsVersion = 13.3;
					};
				};
			};
			buildConfigurationList = CB2DA78D2805D44700842111 /* Build configuration list for PBXProject "MKD" */;
			compatibilityVersion = "Xcode 13.0";
			developmentRegion = en;
			hasScannedForEncodings = 0;
			knownRegions = (
				en,
				Base,
			);
			mainGroup = CB2DA7892805D44700842111;
			packageReferences = (
				CBAF29922806035100508A9D /* XCRemoteSwiftPackageReference "ApiCall" */,
				CBAF299F2806D5EC00508A9D /* XCRemoteSwiftPackageReference "ZainSPM" */,
			);
			productRefGroup = CB2DA7932805D44700842111 /* Products */;
			projectDirPath = "";
			projectRoot = "";
			targets = (
				CB2DA7912805D44700842111 /* MKD */,
			);
		};
/* End PBXProject section */

/* Begin PBXResourcesBuildPhase section */
		CB2DA7902805D44700842111 /* Resources */ = {
			isa = PBXResourcesBuildPhase;
			buildActionMask = 2147483647;
			files = (
				CB2DA7A22805D44900842111 /* LaunchScreen.storyboard in Resources */,
				CB2DA79F2805D44900842111 /* Assets.xcassets in Resources */,
				CB2DA79D2805D44700842111 /* Main.storyboard in Resources */,
				CBAF298B2805F3F800508A9D /* HomeViewCell.xib in Resources */,
				CB2DA7B92805E22A00842111 /* Dashboard.storyboard in Resources */,
			);
			runOnlyForDeploymentPostprocessing = 0;
		};
/* End PBXResourcesBuildPhase section */

/* Begin PBXSourcesBuildPhase section */
		CB2DA78E2805D44700842111 /* Sources */ = {
			isa = PBXSourcesBuildPhase;
			buildActionMask = 2147483647;
			files = (
				CB2DA7BB2805E7D200842111 /* SignupViewController.swift in Sources */,
				CB2DA7BD2805EF0600842111 /* OTPVerificationViewController.swift in Sources */,
				CB2DA7B32805DDAE00842111 /* LoginViewController.swift in Sources */,
				CB2DA79A2805D44700842111 /* ViewController.swift in Sources */,
				CBAF299A280612D200508A9D /* VCExts.swift in Sources */,
				CBAF29A52806DBB200508A9D /* LoginClass.swift in Sources */,
				CB2DA7B52805E0BF00842111 /* Extension.swift in Sources */,
				CBAF298A2805F3F800508A9D /* HomeViewCell.swift in Sources */,
				CBAF29A32806DBA700508A9D /* UserData.swift in Sources */,
				CB2DA7B72805E12B00842111 /* VerifyEmailViewController.swift in Sources */,
				CB2DA7962805D44700842111 /* AppDelegate.swift in Sources */,
				CBAF298F2805F4AB00508A9D /* HomeViewModel.swift in Sources */,
				CBAF299C28061F4900508A9D /* VerifyAccount.swift in Sources */,
				CBAF299E2806264F00508A9D /* Signup.swift in Sources */,
				CBAF29912805F84500508A9D /* PasswordResetViewController.swift in Sources */,
				CBAF29862805F1B500508A9D /* HomeViewController.swift in Sources */,
				CB2DA7982805D44700842111 /* SceneDelegate.swift in Sources */,
				CB2DA7AE2805DB3500842111 /* GetStartedViewController.swift in Sources */,
				CB2DA7B02805DBB200842111 /* SplashViewController.swift in Sources */,
			);
			runOnlyForDeploymentPostprocessing = 0;
		};
/* End PBXSourcesBuildPhase section */

/* Begin PBXVariantGroup section */
		CB2DA79B2805D44700842111 /* Main.storyboard */ = {
			isa = PBXVariantGroup;
			children = (
				CB2DA79C2805D44700842111 /* Base */,
			);
			name = Main.storyboard;
			sourceTree = "<group>";
		};
		CB2DA7A02805D44900842111 /* LaunchScreen.storyboard */ = {
			isa = PBXVariantGroup;
			children = (
				CB2DA7A12805D44900842111 /* Base */,
			);
			name = LaunchScreen.storyboard;
			sourceTree = "<group>";
		};
/* End PBXVariantGroup section */

/* Begin XCBuildConfiguration section */
		CB2DA7A42805D44900842111 /* Debug */ = {
			isa = XCBuildConfiguration;
			buildSettings = {
				ALWAYS_SEARCH_USER_PATHS = NO;
				CLANG_ANALYZER_NONNULL = YES;
				CLANG_ANALYZER_NUMBER_OBJECT_CONVERSION = YES_AGGRESSIVE;
				CLANG_CXX_LANGUAGE_STANDARD = "gnu++17";
				CLANG_ENABLE_MODULES = YES;
				CLANG_ENABLE_OBJC_ARC = YES;
				CLANG_ENABLE_OBJC_WEAK = YES;
				CLANG_WARN_BLOCK_CAPTURE_AUTORELEASING = YES;
				CLANG_WARN_BOOL_CONVERSION = YES;
				CLANG_WARN_COMMA = YES;
				CLANG_WARN_CONSTANT_CONVERSION = YES;
				CLANG_WARN_DEPRECATED_OBJC_IMPLEMENTATIONS = YES;
				CLANG_WARN_DIRECT_OBJC_ISA_USAGE = YES_ERROR;
				CLANG_WARN_DOCUMENTATION_COMMENTS = YES;
				CLANG_WARN_EMPTY_BODY = YES;
				CLANG_WARN_ENUM_CONVERSION = YES;
				CLANG_WARN_INFINITE_RECURSION = YES;
				CLANG_WARN_INT_CONVERSION = YES;
				CLANG_WARN_NON_LITERAL_NULL_CONVERSION = YES;
				CLANG_WARN_OBJC_IMPLICIT_RETAIN_SELF = YES;
				CLANG_WARN_OBJC_LITERAL_CONVERSION = YES;
				CLANG_WARN_OBJC_ROOT_CLASS = YES_ERROR;
				CLANG_WARN_QUOTED_INCLUDE_IN_FRAMEWORK_HEADER = YES;
				CLANG_WARN_RANGE_LOOP_ANALYSIS = YES;
				CLANG_WARN_STRICT_PROTOTYPES = YES;
				CLANG_WARN_SUSPICIOUS_MOVE = YES;
				CLANG_WARN_UNGUARDED_AVAILABILITY = YES_AGGRESSIVE;
				CLANG_WARN_UNREACHABLE_CODE = YES;
				CLANG_WARN__DUPLICATE_METHOD_MATCH = YES;
				COPY_PHASE_STRIP = NO;
				DEBUG_INFORMATION_FORMAT = dwarf;
				ENABLE_STRICT_OBJC_MSGSEND = YES;
				ENABLE_TESTABILITY = YES;
				GCC_C_LANGUAGE_STANDARD = gnu11;
				GCC_DYNAMIC_NO_PIC = NO;
				GCC_NO_COMMON_BLOCKS = YES;
				GCC_OPTIMIZATION_LEVEL = 0;
				GCC_PREPROCESSOR_DEFINITIONS = (
					"DEBUG=1",
					"$(inherited)",
				);
				GCC_WARN_64_TO_32_BIT_CONVERSION = YES;
				GCC_WARN_ABOUT_RETURN_TYPE = YES_ERROR;
				GCC_WARN_UNDECLARED_SELECTOR = YES;
				GCC_WARN_UNINITIALIZED_AUTOS = YES_AGGRESSIVE;
				GCC_WARN_UNUSED_FUNCTION = YES;
				GCC_WARN_UNUSED_VARIABLE = YES;
				IPHONEOS_DEPLOYMENT_TARGET = 15.4;
				MTL_ENABLE_DEBUG_INFO = INCLUDE_SOURCE;
				MTL_FAST_MATH = YES;
				ONLY_ACTIVE_ARCH = YES;
				SDKROOT = iphoneos;
				SWIFT_ACTIVE_COMPILATION_CONDITIONS = DEBUG;
				SWIFT_OPTIMIZATION_LEVEL = "-Onone";
			};
			name = Debug;
		};
		CB2DA7A52805D44900842111 /* Release */ = {
			isa = XCBuildConfiguration;
			buildSettings = {
				ALWAYS_SEARCH_USER_PATHS = NO;
				CLANG_ANALYZER_NONNULL = YES;
				CLANG_ANALYZER_NUMBER_OBJECT_CONVERSION = YES_AGGRESSIVE;
				CLANG_CXX_LANGUAGE_STANDARD = "gnu++17";
				CLANG_ENABLE_MODULES = YES;
				CLANG_ENABLE_OBJC_ARC = YES;
				CLANG_ENABLE_OBJC_WEAK = YES;
				CLANG_WARN_BLOCK_CAPTURE_AUTORELEASING = YES;
				CLANG_WARN_BOOL_CONVERSION = YES;
				CLANG_WARN_COMMA = YES;
				CLANG_WARN_CONSTANT_CONVERSION = YES;
				CLANG_WARN_DEPRECATED_OBJC_IMPLEMENTATIONS = YES;
				CLANG_WARN_DIRECT_OBJC_ISA_USAGE = YES_ERROR;
				CLANG_WARN_DOCUMENTATION_COMMENTS = YES;
				CLANG_WARN_EMPTY_BODY = YES;
				CLANG_WARN_ENUM_CONVERSION = YES;
				CLANG_WARN_INFINITE_RECURSION = YES;
				CLANG_WARN_INT_CONVERSION = YES;
				CLANG_WARN_NON_LITERAL_NULL_CONVERSION = YES;
				CLANG_WARN_OBJC_IMPLICIT_RETAIN_SELF = YES;
				CLANG_WARN_OBJC_LITERAL_CONVERSION = YES;
				CLANG_WARN_OBJC_ROOT_CLASS = YES_ERROR;
				CLANG_WARN_QUOTED_INCLUDE_IN_FRAMEWORK_HEADER = YES;
				CLANG_WARN_RANGE_LOOP_ANALYSIS = YES;
				CLANG_WARN_STRICT_PROTOTYPES = YES;
				CLANG_WARN_SUSPICIOUS_MOVE = YES;
				CLANG_WARN_UNGUARDED_AVAILABILITY = YES_AGGRESSIVE;
				CLANG_WARN_UNREACHABLE_CODE = YES;
				CLANG_WARN__DUPLICATE_METHOD_MATCH = YES;
				COPY_PHASE_STRIP = NO;
				DEBUG_INFORMATION_FORMAT = "dwarf-with-dsym";
				ENABLE_NS_ASSERTIONS = NO;
				ENABLE_STRICT_OBJC_MSGSEND = YES;
				GCC_C_LANGUAGE_STANDARD = gnu11;
				GCC_NO_COMMON_BLOCKS = YES;
				GCC_WARN_64_TO_32_BIT_CONVERSION = YES;
				GCC_WARN_ABOUT_RETURN_TYPE = YES_ERROR;
				GCC_WARN_UNDECLARED_SELECTOR = YES;
				GCC_WARN_UNINITIALIZED_AUTOS = YES_AGGRESSIVE;
				GCC_WARN_UNUSED_FUNCTION = YES;
				GCC_WARN_UNUSED_VARIABLE = YES;
				IPHONEOS_DEPLOYMENT_TARGET = 15.4;
				MTL_ENABLE_DEBUG_INFO = NO;
				MTL_FAST_MATH = YES;
				SDKROOT = iphoneos;
				SWIFT_COMPILATION_MODE = wholemodule;
				SWIFT_OPTIMIZATION_LEVEL = "-O";
				VALIDATE_PRODUCT = YES;
			};
			name = Release;
		};
		CB2DA7A72805D44900842111 /* Debug */ = {
			isa = XCBuildConfiguration;
			buildSettings = {
				ASSETCATALOG_COMPILER_APPICON_NAME = AppIcon;
				ASSETCATALOG_COMPILER_GLOBAL_ACCENT_COLOR_NAME = AccentColor;
				CODE_SIGN_STYLE = Automatic;
				CURRENT_PROJECT_VERSION = 1;
				GENERATE_INFOPLIST_FILE = YES;
				INFOPLIST_FILE = MKD/Info.plist;
				INFOPLIST_KEY_UIApplicationSupportsIndirectInputEvents = YES;
				INFOPLIST_KEY_UILaunchStoryboardName = LaunchScreen;
				INFOPLIST_KEY_UIMainStoryboardFile = Main;
				INFOPLIST_KEY_UISupportedInterfaceOrientations_iPad = "UIInterfaceOrientationPortrait UIInterfaceOrientationPortraitUpsideDown UIInterfaceOrientationLandscapeLeft UIInterfaceOrientationLandscapeRight";
				INFOPLIST_KEY_UISupportedInterfaceOrientations_iPhone = "UIInterfaceOrientationPortrait UIInterfaceOrientationLandscapeLeft UIInterfaceOrientationLandscapeRight";
				LD_RUNPATH_SEARCH_PATHS = (
					"$(inherited)",
					"@executable_path/Frameworks",
				);
				MARKETING_VERSION = 1.0;
				PRODUCT_BUNDLE_IDENTIFIER = com.rafiaijaz.sampleproject.MKD;
				PRODUCT_NAME = "$(TARGET_NAME)";
				SWIFT_EMIT_LOC_STRINGS = YES;
				SWIFT_VERSION = 5.0;
				TARGETED_DEVICE_FAMILY = "1,2";
			};
			name = Debug;
		};
		CB2DA7A82805D44900842111 /* Release */ = {
			isa = XCBuildConfiguration;
			buildSettings = {
				ASSETCATALOG_COMPILER_APPICON_NAME = AppIcon;
				ASSETCATALOG_COMPILER_GLOBAL_ACCENT_COLOR_NAME = AccentColor;
				CODE_SIGN_STYLE = Automatic;
				CURRENT_PROJECT_VERSION = 1;
				GENERATE_INFOPLIST_FILE = YES;
				INFOPLIST_FILE = MKD/Info.plist;
				INFOPLIST_KEY_UIApplicationSupportsIndirectInputEvents = YES;
				INFOPLIST_KEY_UILaunchStoryboardName = LaunchScreen;
				INFOPLIST_KEY_UIMainStoryboardFile = Main;
				INFOPLIST_KEY_UISupportedInterfaceOrientations_iPad = "UIInterfaceOrientationPortrait UIInterfaceOrientationPortraitUpsideDown UIInterfaceOrientationLandscapeLeft UIInterfaceOrientationLandscapeRight";
				INFOPLIST_KEY_UISupportedInterfaceOrientations_iPhone = "UIInterfaceOrientationPortrait UIInterfaceOrientationLandscapeLeft UIInterfaceOrientationLandscapeRight";
				LD_RUNPATH_SEARCH_PATHS = (
					"$(inherited)",
					"@executable_path/Frameworks",
				);
				MARKETING_VERSION = 1.0;
				PRODUCT_BUNDLE_IDENTIFIER = com.rafiaijaz.sampleproject.MKD;
				PRODUCT_NAME = "$(TARGET_NAME)";
				SWIFT_EMIT_LOC_STRINGS = YES;
				SWIFT_VERSION = 5.0;
				TARGETED_DEVICE_FAMILY = "1,2";
			};
			name = Release;
		};
/* End XCBuildConfiguration section */

/* Begin XCConfigurationList section */
		CB2DA78D2805D44700842111 /* Build configuration list for PBXProject "MKD" */ = {
			isa = XCConfigurationList;
			buildConfigurations = (
				CB2DA7A42805D44900842111 /* Debug */,
				CB2DA7A52805D44900842111 /* Release */,
			);
			defaultConfigurationIsVisible = 0;
			defaultConfigurationName = Release;
		};
		CB2DA7A62805D44900842111 /* Build configuration list for PBXNativeTarget "MKD" */ = {
			isa = XCConfigurationList;
			buildConfigurations = (
				CB2DA7A72805D44900842111 /* Debug */,
				CB2DA7A82805D44900842111 /* Release */,
			);
			defaultConfigurationIsVisible = 0;
			defaultConfigurationName = Release;
		};
/* End XCConfigurationList section */

/* Begin XCRemoteSwiftPackageReference section */
		CBAF29922806035100508A9D /* XCRemoteSwiftPackageReference "ApiCall" */ = {
			isa = XCRemoteSwiftPackageReference;
			repositoryURL = "https://github.com/zainanjum100/ApiCall";
			requirement = {
				kind = upToNextMajorVersion;
				minimumVersion = 1.0.0;
			};
		};
		CBAF299F2806D5EC00508A9D /* XCRemoteSwiftPackageReference "ZainSPM" */ = {
			isa = XCRemoteSwiftPackageReference;
			repositoryURL = "https://github.com/zainanjum100/ZainSPM";
			requirement = {
				branch = master;
				kind = branch;
			};
		};
/* End XCRemoteSwiftPackageReference section */

/* Begin XCSwiftPackageProductDependency section */
		CBAF29932806035100508A9D /* ApiCall */ = {
			isa = XCSwiftPackageProductDependency;
			package = CBAF29922806035100508A9D /* XCRemoteSwiftPackageReference "ApiCall" */;
			productName = ApiCall;
		};
		CBAF29A02806D5EC00508A9D /* ZainSPM */ = {
			isa = XCSwiftPackageProductDependency;
			package = CBAF299F2806D5EC00508A9D /* XCRemoteSwiftPackageReference "ZainSPM" */;
			productName = ZainSPM;
		};
/* End XCSwiftPackageProductDependency section */
	};
	rootObject = CB2DA78A2805D44700842111 /* Project object */;
}
